
Microsoft Visual Studio Solution File, Format Version 12.00
# Visual Studio Version 17
VisualStudioVersion = 17.9.34607.119
MinimumVisualStudioVersion = 10.0.40219.1
Project("{FAE04EC0-301F-11D3-BF4B-00C04F79EFBC}") = "ExamenFinal", "ExamenFinal\ExamenFinal.csproj", "{E622F087-46E2-4509-A60D-32F6BB715BAC}"
EndProject
Global
	GlobalSection(SolutionConfigurationPlatforms) = preSolution
		Debug|Any CPU = Debug|Any CPU
		Release|Any CPU = Release|Any CPU
	EndGlobalSection
	GlobalSection(ProjectConfigurationPlatforms) = postSolution
		{E622F087-46E2-4509-A60D-32F6BB715BAC}.Debug|Any CPU.ActiveCfg = Debug|Any CPU
		{E622F087-46E2-4509-A60D-32F6BB715BAC}.Debug|Any CPU.Build.0 = Debug|Any CPU
		{E622F087-46E2-4509-A60D-32F6BB715BAC}.Release|Any CPU.ActiveCfg = Release|Any CPU
		{E622F087-46E2-4509-A60D-32F6BB715BAC}.Release|Any CPU.Build.0 = Release|Any CPU
	EndGlobalSection
	GlobalSection(SolutionProperties) = preSolution
		HideSolutionNode = FALSE
	EndGlobalSection
	GlobalSection(ExtensibilityGlobals) = postSolution
		SolutionGuid = {5FB67472-ED51-40BE-BC6E-AA8C46645CE7}
	EndGlobalSection
EndGlobal
